
Microsoft Visual Studio Solution File, Format Version 12.00
# Visual Studio Version 17
VisualStudioVersion = 17.9.34622.214
MinimumVisualStudioVersion = 10.0.40219.1
Project("{FAE04EC0-301F-11D3-BF4B-00C04F79EFBC}") = "Asp.NetCoreWebAPIs", "Asp.NetCoreWebAPIs\Asp.NetCoreWebAPIs.csproj", "{3BCD3AE2-4AB1-4576-AAE5-CECC74E424C1}"
EndProject
Global
	GlobalSection(SolutionConfigurationPlatforms) = preSolution
		Debug|Any CPU = Debug|Any CPU
		Release|Any CPU = Release|Any CPU
	EndGlobalSection
	GlobalSection(ProjectConfigurationPlatforms) = postSolution
		{3BCD3AE2-4AB1-4576-AAE5-CECC74E424C1}.Debug|Any CPU.ActiveCfg = Debug|Any CPU
		{3BCD3AE2-4AB1-4576-AAE5-CECC74E424C1}.Debug|Any CPU.Build.0 = Debug|Any CPU
		{3BCD3AE2-4AB1-4576-AAE5-CECC74E424C1}.Release|Any CPU.ActiveCfg = Release|Any CPU
		{3BCD3AE2-4AB1-4576-AAE5-CECC74E424C1}.Release|Any CPU.Build.0 = Release|Any CPU
	EndGlobalSection
	GlobalSection(SolutionProperties) = preSolution
		HideSolutionNode = FALSE
	EndGlobalSection
	GlobalSection(ExtensibilityGlobals) = postSolution
		SolutionGuid = {191E5240-8C99-470C-AE69-5D9E68BFA013}
	EndGlobalSection
EndGlobal
